{
    "_readme": [
        "This file locks the dependencies of your project to a known state",
        "Read more about it at https://getcomposer.org/doc/01-basic-usage.md#composer-lock-the-lock-file",
        "This file is @generated automatically"
    ],
    "hash": "75d1fb2ac1fad0055408cb93ee873449",
    "packages": [
        {
            "name": "bramus/ansi-php",
            "version": "3.0.1",
            "source": {
                "type": "git",
                "url": "https://github.com/bramus/ansi-php.git",
                "reference": "c0dcf9a949e1c6111bbbb52a8ead34776064b209"
            },
            "dist": {
                "type": "zip",
                "url": "https://api.github.com/repos/bramus/ansi-php/zipball/c0dcf9a949e1c6111bbbb52a8ead34776064b209",
                "reference": "c0dcf9a949e1c6111bbbb52a8ead34776064b209",
                "shasum": ""
            },
            "require": {
                "php": ">=5.4.0"
            },
            "require-dev": {
                "phpunit/phpunit": "~4.0"
            },
            "type": "library",
            "autoload": {
                "psr-4": {
                    "Bramus\\Ansi\\": "src/"
                }
            },
            "notification-url": "https://packagist.org/downloads/",
            "license": [
                "MIT"
            ],
            "authors": [
                {
                    "name": "Bramus Van Damme",
                    "email": "bramus@bram.us",
                    "homepage": "https://www.bram.us/"
                }
            ],
            "description": "ANSI Control Functions and ANSI Control Sequences (Colors, Erasing, etc.) for PHP CLI Apps",
            "time": "2015-01-08 15:02:37"
        },
        {
            "name": "malenki/ansi",
            "version": "1.2.6",
            "source": {
                "type": "git",
                "url": "https://github.com/malenkiki/ansi.git",
                "reference": "0333e9b36022b1c7da46be0bace2b41ce865df3c"
            },
            "dist": {
                "type": "zip",
                "url": "https://api.github.com/repos/malenkiki/ansi/zipball/0333e9b36022b1c7da46be0bace2b41ce865df3c",
                "reference": "0333e9b36022b1c7da46be0bace2b41ce865df3c",
                "shasum": ""
            },
            "require": {
                "php": ">=5.3.0"
            },
            "type": "library",
            "autoload": {
                "psr-0": {
                    "Malenki": "src/"
                }
            },
            "notification-url": "https://packagist.org/downloads/",
            "license": [
                "MIT"
            ],
            "authors": [
                {
                    "name": "Michel Petit",
                    "email": "petit.michel@gmail.com",
                    "role": "Developer"
                }
            ],
            "description": "Simple class to put some colors into your CLI PHP apps!",
            "homepage": "https://github.com/malenkiki/ansi",
            "keywords": [
                "ansi",
                "cli",
                "colors"
            ],
            "time": "2014-03-03 12:56:07"
        }
    ],
    "packages-dev": [],
    "aliases": [],
    "minimum-stability": "stable",
    "stability-flags": [],
    "prefer-stable": false,
    "prefer-lowest": false,
    "platform": [],
    "platform-dev": []
}
